
Microsoft Visual Studio Solution File, Format Version 12.00
# Visual Studio Version 17
VisualStudioVersion = 17.10.35027.167
MinimumVisualStudioVersion = 10.0.40219.1
Project("{FAE04EC0-301F-11D3-BF4B-00C04F79EFBC}") = "BookStore.API", "BookStore.API\BookStore.API.csproj", "{DF84F661-D782-473B-A8ED-ED8CB551B500}"
EndProject
Global
	GlobalSection(SolutionConfigurationPlatforms) = preSolution
		Debug|Any CPU = Debug|Any CPU
		Release|Any CPU = Release|Any CPU
	EndGlobalSection
	GlobalSection(ProjectConfigurationPlatforms) = postSolution
		{DF84F661-D782-473B-A8ED-ED8CB551B500}.Debug|Any CPU.ActiveCfg = Debug|Any CPU
		{DF84F661-D782-473B-A8ED-ED8CB551B500}.Debug|Any CPU.Build.0 = Debug|Any CPU
		{DF84F661-D782-473B-A8ED-ED8CB551B500}.Release|Any CPU.ActiveCfg = Release|Any CPU
		{DF84F661-D782-473B-A8ED-ED8CB551B500}.Release|Any CPU.Build.0 = Release|Any CPU
	EndGlobalSection
	GlobalSection(SolutionProperties) = preSolution
		HideSolutionNode = FALSE
	EndGlobalSection
	GlobalSection(ExtensibilityGlobals) = postSolution
		SolutionGuid = {8155A2B7-2C71-4EF0-B3FB-F89873B5C525}
	EndGlobalSection
EndGlobal
